
Microsoft Visual Studio Solution File, Format Version 12.00
# Visual Studio Version 16
VisualStudioVersion = 16.0.29102.190
MinimumVisualStudioVersion = 10.0.40219.1
Project("{FAE04EC0-301F-11D3-BF4B-00C04F79EFBC}") = "AChat(Finaly)", "AChat(Finaly)\AChat(Finaly).csproj", "{BFBEA9C9-0329-4A4F-B48E-833DCA2CC870}"
EndProject
Global
	GlobalSection(SolutionConfigurationPlatforms) = preSolution
		Debug|Any CPU = Debug|Any CPU
		Release|Any CPU = Release|Any CPU
	EndGlobalSection
	GlobalSection(ProjectConfigurationPlatforms) = postSolution
		{BFBEA9C9-0329-4A4F-B48E-833DCA2CC870}.Debug|Any CPU.ActiveCfg = Debug|Any CPU
		{BFBEA9C9-0329-4A4F-B48E-833DCA2CC870}.Debug|Any CPU.Build.0 = Debug|Any CPU
		{BFBEA9C9-0329-4A4F-B48E-833DCA2CC870}.Release|Any CPU.ActiveCfg = Release|Any CPU
		{BFBEA9C9-0329-4A4F-B48E-833DCA2CC870}.Release|Any CPU.Build.0 = Release|Any CPU
	EndGlobalSection
	GlobalSection(SolutionProperties) = preSolution
		HideSolutionNode = FALSE
	EndGlobalSection
	GlobalSection(ExtensibilityGlobals) = postSolution
		SolutionGuid = {1492AD42-89AA-482D-A3A6-9D6545790AB6}
	EndGlobalSection
EndGlobal
